
Microsoft Visual Studio Solution File, Format Version 12.00
# Visual Studio Version 17
VisualStudioVersion = 17.0.31903.59
MinimumVisualStudioVersion = 10.0.40219.1
Project("{FAE04EC0-301F-11D3-BF4B-00C04F79EFBC}") = "Text", "Text\Text.csproj", "{07D66C05-708B-44AF-B6E2-D110E9B2DC96}"
EndProject
Project("{FAE04EC0-301F-11D3-BF4B-00C04F79EFBC}") = "Text.Tests", "Text.Tests\Text.Tests.csproj", "{09F0879F-7037-454D-9D5E-8E97C8CDFD19}"
EndProject
Global
	GlobalSection(SolutionConfigurationPlatforms) = preSolution
		Debug|Any CPU = Debug|Any CPU
		Release|Any CPU = Release|Any CPU
	EndGlobalSection
	GlobalSection(SolutionProperties) = preSolution
		HideSolutionNode = FALSE
	EndGlobalSection
	GlobalSection(ProjectConfigurationPlatforms) = postSolution
		{07D66C05-708B-44AF-B6E2-D110E9B2DC96}.Debug|Any CPU.ActiveCfg = Debug|Any CPU
		{07D66C05-708B-44AF-B6E2-D110E9B2DC96}.Debug|Any CPU.Build.0 = Debug|Any CPU
		{07D66C05-708B-44AF-B6E2-D110E9B2DC96}.Release|Any CPU.ActiveCfg = Release|Any CPU
		{07D66C05-708B-44AF-B6E2-D110E9B2DC96}.Release|Any CPU.Build.0 = Release|Any CPU
		{09F0879F-7037-454D-9D5E-8E97C8CDFD19}.Debug|Any CPU.ActiveCfg = Debug|Any CPU
		{09F0879F-7037-454D-9D5E-8E97C8CDFD19}.Debug|Any CPU.Build.0 = Debug|Any CPU
		{09F0879F-7037-454D-9D5E-8E97C8CDFD19}.Release|Any CPU.ActiveCfg = Release|Any CPU
		{09F0879F-7037-454D-9D5E-8E97C8CDFD19}.Release|Any CPU.Build.0 = Release|Any CPU
	EndGlobalSection
EndGlobal
